%{"earmark": {:hex, :earmark, "0.1.13"},
  "edgarex": {:git, "https://github.com/rozap/edgarex.git", "a1b1f280a849596c01bb5ac4fe75a7128e7d70b4", []},
  "ex_doc": {:hex, :ex_doc, "0.7.1"},
  "exquery": {:hex, :exquery, "0.0.7"},
  "httpotion": {:hex, :httpotion, "2.0.0"},
  "ibrowse": {:git, "git://github.com/cmullaparthi/ibrowse.git", "d2e369ff42666c3574b8b7ec26f69027895c4d94", [tag: "v4.1.1"]}}
